
Microsoft Visual Studio Solution File, Format Version 12.00
# Visual Studio 14
VisualStudioVersion = 14.0.25420.1
MinimumVisualStudioVersion = 10.0.40219.1
Project("{FAE04EC0-301F-11D3-BF4B-00C04F79EFBC}") = "ImageModeration", "ImageModeration\ImageModeration.csproj", "{393C0C78-2BA8-419A-9951-1CF5F8C2DB6F}"
EndProject
Project("{FAE04EC0-301F-11D3-BF4B-00C04F79EFBC}") = "TextModeration", "TextModeration\TextModeration.csproj", "{18A9C68D-77D9-4312-9E8A-4C94B806B31F}"
EndProject
Project("{FAE04EC0-301F-11D3-BF4B-00C04F79EFBC}") = "BotTextModerator", "BotTextModerator\BotTextModerator\BotTextModerator.csproj", "{F2BEFA64-7FBD-49D4-8F6C-5D85E12B138B}"
EndProject
Global
	GlobalSection(SolutionConfigurationPlatforms) = preSolution
		Debug|Any CPU = Debug|Any CPU
		Release|Any CPU = Release|Any CPU
	EndGlobalSection
	GlobalSection(ProjectConfigurationPlatforms) = postSolution
		{393C0C78-2BA8-419A-9951-1CF5F8C2DB6F}.Debug|Any CPU.ActiveCfg = Debug|Any CPU
		{393C0C78-2BA8-419A-9951-1CF5F8C2DB6F}.Debug|Any CPU.Build.0 = Debug|Any CPU
		{393C0C78-2BA8-419A-9951-1CF5F8C2DB6F}.Release|Any CPU.ActiveCfg = Release|Any CPU
		{393C0C78-2BA8-419A-9951-1CF5F8C2DB6F}.Release|Any CPU.Build.0 = Release|Any CPU
		{18A9C68D-77D9-4312-9E8A-4C94B806B31F}.Debug|Any CPU.ActiveCfg = Debug|Any CPU
		{18A9C68D-77D9-4312-9E8A-4C94B806B31F}.Debug|Any CPU.Build.0 = Debug|Any CPU
		{18A9C68D-77D9-4312-9E8A-4C94B806B31F}.Release|Any CPU.ActiveCfg = Release|Any CPU
		{18A9C68D-77D9-4312-9E8A-4C94B806B31F}.Release|Any CPU.Build.0 = Release|Any CPU
		{F2BEFA64-7FBD-49D4-8F6C-5D85E12B138B}.Debug|Any CPU.ActiveCfg = Debug|Any CPU
		{F2BEFA64-7FBD-49D4-8F6C-5D85E12B138B}.Debug|Any CPU.Build.0 = Debug|Any CPU
		{F2BEFA64-7FBD-49D4-8F6C-5D85E12B138B}.Release|Any CPU.ActiveCfg = Release|Any CPU
		{F2BEFA64-7FBD-49D4-8F6C-5D85E12B138B}.Release|Any CPU.Build.0 = Release|Any CPU
	EndGlobalSection
	GlobalSection(SolutionProperties) = preSolution
		HideSolutionNode = FALSE
	EndGlobalSection
EndGlobal
